{
  "name": "thibka.github.io",
  "lockfileVersion": 2,
  "requires": true,
  "packages": {
    "": {
      "dependencies": {
        "perfect-gui": "^4.2.1"
      }
    },
    "node_modules/perfect-gui": {
      "version": "4.2.1",
      "resolved": "https://registry.npmjs.org/perfect-gui/-/perfect-gui-4.2.1.tgz",
      "integrity": "sha512-3FgXyMg4b4/3Ew2IKKiURu3edDIutf2KToPIPKcQrYbzoJ9KUpAvWBt24wnPql3z13kBo5WlGngSBrBee9UZgw=="
    }
  },
  "dependencies": {
    "perfect-gui": {
      "version": "4.2.1",
      "resolved": "https://registry.npmjs.org/perfect-gui/-/perfect-gui-4.2.1.tgz",
      "integrity": "sha512-3FgXyMg4b4/3Ew2IKKiURu3edDIutf2KToPIPKcQrYbzoJ9KUpAvWBt24wnPql3z13kBo5WlGngSBrBee9UZgw=="
    }
  }
}
