{
  "name": "thibka.github.io",
  "lockfileVersion": 2,
  "requires": true,
  "packages": {
    "": {
      "dependencies": {
        "perfect-gui": "^4.1.2"
      }
    },
    "node_modules/perfect-gui": {
      "version": "4.1.2",
      "resolved": "https://registry.npmjs.org/perfect-gui/-/perfect-gui-4.1.2.tgz",
      "integrity": "sha512-7Bye7mGoLwX2438Rr+JFYWOwDAH/r0TzjmDQfKqaPg1vZwvU16z+kfEC25zd5wJKW6Af+JcVBarzkVSD691zWw=="
    }
  },
  "dependencies": {
    "perfect-gui": {
      "version": "4.1.2",
      "resolved": "https://registry.npmjs.org/perfect-gui/-/perfect-gui-4.1.2.tgz",
      "integrity": "sha512-7Bye7mGoLwX2438Rr+JFYWOwDAH/r0TzjmDQfKqaPg1vZwvU16z+kfEC25zd5wJKW6Af+JcVBarzkVSD691zWw=="
    }
  }
}
